// !$*UTF8*$!
{
	archiveVersion = 1;
	classes = {
	};
	objectVersion = 50;
	objects = {

/* Begin PBXBuildFile section */
		4D47282B21914CFF0018F55E /* AppDelegate.swift in Sources */ = {isa = PBXBuildFile; fileRef = 4D47282A21914CFF0018F55E /* AppDelegate.swift */; };
		4D47282D21914CFF0018F55E /* MapViewController.swift in Sources */ = {isa = PBXBuildFile; fileRef = 4D47282C21914CFF0018F55E /* MapViewController.swift */; };
		4D47283021914CFF0018F55E /* Main.storyboard in Resources */ = {isa = PBXBuildFile; fileRef = 4D47282E21914CFF0018F55E /* Main.storyboard */; };
		4D47283221914D000018F55E /* Assets.xcassets in Resources */ = {isa = PBXBuildFile; fileRef = 4D47283121914D000018F55E /* Assets.xcassets */; };
		4D47283521914D000018F55E /* LaunchScreen.storyboard in Resources */ = {isa = PBXBuildFile; fileRef = 4D47283321914D000018F55E /* LaunchScreen.storyboard */; };
		4DBA720B2196313D009E6598 /* CustomNavController.swift in Sources */ = {isa = PBXBuildFile; fileRef = 4DBA720A2196313D009E6598 /* CustomNavController.swift */; };
		6823A57A219AA7E30094CDE7 /* FiltersViewController.swift in Sources */ = {isa = PBXBuildFile; fileRef = 6823A579219AA7E30094CDE7 /* FiltersViewController.swift */; };
		B98CD2672198E69F002ECCC5 /* SelectPinDetailsViewController.swift in Sources */ = {isa = PBXBuildFile; fileRef = B98CD2662198E69F002ECCC5 /* SelectPinDetailsViewController.swift */; };
		B99E8B9A2199F6800092CCC9 /* CustomAnnotation.swift in Sources */ = {isa = PBXBuildFile; fileRef = B99E8B992199F6800092CCC9 /* CustomAnnotation.swift */; };
/* End PBXBuildFile section */

/* Begin PBXFileReference section */
		4D47282721914CFF0018F55E /* CSE438-MatthewYang.app */ = {isa = PBXFileReference; explicitFileType = wrapper.application; includeInIndex = 0; path = "CSE438-MatthewYang.app"; sourceTree = BUILT_PRODUCTS_DIR; };
		4D47282A21914CFF0018F55E /* AppDelegate.swift */ = {isa = PBXFileReference; lastKnownFileType = sourcecode.swift; path = AppDelegate.swift; sourceTree = "<group>"; };
		4D47282C21914CFF0018F55E /* MapViewController.swift */ = {isa = PBXFileReference; lastKnownFileType = sourcecode.swift; path = MapViewController.swift; sourceTree = "<group>"; };
		4D47282F21914CFF0018F55E /* Base */ = {isa = PBXFileReference; lastKnownFileType = file.storyboard; name = Base; path = Base.lproj/Main.storyboard; sourceTree = "<group>"; };
		4D47283121914D000018F55E /* Assets.xcassets */ = {isa = PBXFileReference; lastKnownFileType = folder.assetcatalog; path = Assets.xcassets; sourceTree = "<group>"; };
		4D47283421914D000018F55E /* Base */ = {isa = PBXFileReference; lastKnownFileType = file.storyboard; name = Base; path = Base.lproj/LaunchScreen.storyboard; sourceTree = "<group>"; };
		4D47283621914D000018F55E /* Info.plist */ = {isa = PBXFileReference; lastKnownFileType = text.plist.xml; path = Info.plist; sourceTree = "<group>"; };
		4DBA720A2196313D009E6598 /* CustomNavController.swift */ = {isa = PBXFileReference; lastKnownFileType = sourcecode.swift; path = CustomNavController.swift; sourceTree = "<group>"; };
		6823A579219AA7E30094CDE7 /* FiltersViewController.swift */ = {isa = PBXFileReference; lastKnownFileType = sourcecode.swift; path = FiltersViewController.swift; sourceTree = "<group>"; };
		B98CD2662198E69F002ECCC5 /* SelectPinDetailsViewController.swift */ = {isa = PBXFileReference; lastKnownFileType = sourcecode.swift; path = SelectPinDetailsViewController.swift; sourceTree = "<group>"; };
		B99E8B992199F6800092CCC9 /* CustomAnnotation.swift */ = {isa = PBXFileReference; lastKnownFileType = sourcecode.swift; path = CustomAnnotation.swift; sourceTree = "<group>"; };
/* End PBXFileReference section */

/* Begin PBXFrameworksBuildPhase section */
		4D47282421914CFF0018F55E /* Frameworks */ = {
			isa = PBXFrameworksBuildPhase;
			buildActionMask = 2147483647;
			files = (
			);
			runOnlyForDeploymentPostprocessing = 0;
		};
/* End PBXFrameworksBuildPhase section */

/* Begin PBXGroup section */
		4D47281E21914CFF0018F55E = {
			isa = PBXGroup;
			children = (
				4D47282921914CFF0018F55E /* CSE438-MatthewYang */,
				4D47282821914CFF0018F55E /* Products */,
			);
			sourceTree = "<group>";
		};
		4D47282821914CFF0018F55E /* Products */ = {
			isa = PBXGroup;
			children = (
				4D47282721914CFF0018F55E /* CSE438-MatthewYang.app */,
			);
			name = Products;
			sourceTree = "<group>";
		};
		4D47282921914CFF0018F55E /* CSE438-MatthewYang */ = {
			isa = PBXGroup;
			children = (
				4D47282A21914CFF0018F55E /* AppDelegate.swift */,
				4D47282C21914CFF0018F55E /* MapViewController.swift */,
				B99E8B992199F6800092CCC9 /* CustomAnnotation.swift */,
				B98CD2662198E69F002ECCC5 /* SelectPinDetailsViewController.swift */,
				6823A579219AA7E30094CDE7 /* FiltersViewController.swift */,
				4D47282E21914CFF0018F55E /* Main.storyboard */,
				4DBA720A2196313D009E6598 /* CustomNavController.swift */,
				4D47283121914D000018F55E /* Assets.xcassets */,
				4D47283321914D000018F55E /* LaunchScreen.storyboard */,
				4D47283621914D000018F55E /* Info.plist */,
			);
			path = "CSE438-MatthewYang";
			sourceTree = "<group>";
		};
/* End PBXGroup section */

/* Begin PBXNativeTarget section */
		4D47282621914CFF0018F55E /* CSE438-MatthewYang */ = {
			isa = PBXNativeTarget;
			buildConfigurationList = 4D47283921914D000018F55E /* Build configuration list for PBXNativeTarget "CSE438-MatthewYang" */;
			buildPhases = (
				4D47282321914CFF0018F55E /* Sources */,
				4D47282421914CFF0018F55E /* Frameworks */,
				4D47282521914CFF0018F55E /* Resources */,
			);
			buildRules = (
			);
			dependencies = (
			);
			name = "CSE438-MatthewYang";
			productName = "CSE438-MatthewYang";
			productReference = 4D47282721914CFF0018F55E /* CSE438-MatthewYang.app */;
			productType = "com.apple.product-type.application";
		};
/* End PBXNativeTarget section */

/* Begin PBXProject section */
		4D47281F21914CFF0018F55E /* Project object */ = {
			isa = PBXProject;
			attributes = {
				LastSwiftUpdateCheck = 0940;
				LastUpgradeCheck = 0940;
				ORGANIZATIONNAME = "Matthew Yang";
				TargetAttributes = {
					4D47282621914CFF0018F55E = {
						CreatedOnToolsVersion = 9.4;
					};
				};
			};
			buildConfigurationList = 4D47282221914CFF0018F55E /* Build configuration list for PBXProject "CSE438-MatthewYang" */;
			compatibilityVersion = "Xcode 9.3";
			developmentRegion = en;
			hasScannedForEncodings = 0;
			knownRegions = (
				en,
				Base,
			);
			mainGroup = 4D47281E21914CFF0018F55E;
			productRefGroup = 4D47282821914CFF0018F55E /* Products */;
			projectDirPath = "";
			projectRoot = "";
			targets = (
				4D47282621914CFF0018F55E /* CSE438-MatthewYang */,
			);
		};
/* End PBXProject section */

/* Begin PBXResourcesBuildPhase section */
		4D47282521914CFF0018F55E /* Resources */ = {
			isa = PBXResourcesBuildPhase;
			buildActionMask = 2147483647;
			files = (
				4D47283521914D000018F55E /* LaunchScreen.storyboard in Resources */,
				4D47283221914D000018F55E /* Assets.xcassets in Resources */,
				4D47283021914CFF0018F55E /* Main.storyboard in Resources */,
			);
			runOnlyForDeploymentPostprocessing = 0;
		};
/* End PBXResourcesBuildPhase section */

/* Begin PBXSourcesBuildPhase section */
		4D47282321914CFF0018F55E /* Sources */ = {
			isa = PBXSourcesBuildPhase;
			buildActionMask = 2147483647;
			files = (
				4D47282D21914CFF0018F55E /* MapViewController.swift in Sources */,
				4DBA720B2196313D009E6598 /* CustomNavController.swift in Sources */,
				B99E8B9A2199F6800092CCC9 /* CustomAnnotation.swift in Sources */,
				4D47282B21914CFF0018F55E /* AppDelegate.swift in Sources */,
				6823A57A219AA7E30094CDE7 /* FiltersViewController.swift in Sources */,
				B98CD2672198E69F002ECCC5 /* SelectPinDetailsViewController.swift in Sources */,
			);
			runOnlyForDeploymentPostprocessing = 0;
		};
/* End PBXSourcesBuildPhase section */

/* Begin PBXVariantGroup section */
		4D47282E21914CFF0018F55E /* Main.storyboard */ = {
			isa = PBXVariantGroup;
			children = (
				4D47282F21914CFF0018F55E /* Base */,
			);
			name = Main.storyboard;
			sourceTree = "<group>";
		};
		4D47283321914D000018F55E /* LaunchScreen.storyboard */ = {
			isa = PBXVariantGroup;
			children = (
				4D47283421914D000018F55E /* Base */,
			);
			name = LaunchScreen.storyboard;
			sourceTree = "<group>";
		};
/* End PBXVariantGroup section */

/* Begin XCBuildConfiguration section */
		4D47283721914D000018F55E /* Debug */ = {
			isa = XCBuildConfiguration;
			buildSettings = {
				ALWAYS_SEARCH_USER_PATHS = NO;
				CLANG_ANALYZER_NONNULL = YES;
				CLANG_ANALYZER_NUMBER_OBJECT_CONVERSION = YES_AGGRESSIVE;
				CLANG_CXX_LANGUAGE_STANDARD = "gnu++14";
				CLANG_CXX_LIBRARY = "libc++";
				CLANG_ENABLE_MODULES = YES;
				CLANG_ENABLE_OBJC_ARC = YES;
				CLANG_ENABLE_OBJC_WEAK = YES;
				CLANG_WARN_BLOCK_CAPTURE_AUTORELEASING = YES;
				CLANG_WARN_BOOL_CONVERSION = YES;
				CLANG_WARN_COMMA = YES;
				CLANG_WARN_CONSTANT_CONVERSION = YES;
				CLANG_WARN_DEPRECATED_OBJC_IMPLEMENTATIONS = YES;
				CLANG_WARN_DIRECT_OBJC_ISA_USAGE = YES_ERROR;
				CLANG_WARN_DOCUMENTATION_COMMENTS = YES;
				CLANG_WARN_EMPTY_BODY = YES;
				CLANG_WARN_ENUM_CONVERSION = YES;
				CLANG_WARN_INFINITE_RECURSION = YES;
				CLANG_WARN_INT_CONVERSION = YES;
				CLANG_WARN_NON_LITERAL_NULL_CONVERSION = YES;
				CLANG_WARN_OBJC_IMPLICIT_RETAIN_SELF = YES;
				CLANG_WARN_OBJC_LITERAL_CONVERSION = YES;
				CLANG_WARN_OBJC_ROOT_CLASS = YES_ERROR;
				CLANG_WARN_RANGE_LOOP_ANALYSIS = YES;
				CLANG_WARN_STRICT_PROTOTYPES = YES;
				CLANG_WARN_SUSPICIOUS_MOVE = YES;
				CLANG_WARN_UNGUARDED_AVAILABILITY = YES_AGGRESSIVE;
				CLANG_WARN_UNREACHABLE_CODE = YES;
				CLANG_WARN__DUPLICATE_METHOD_MATCH = YES;
				CODE_SIGN_IDENTITY = "iPhone Developer";
				COPY_PHASE_STRIP = NO;
				DEBUG_INFORMATION_FORMAT = dwarf;
				ENABLE_STRICT_OBJC_MSGSEND = YES;
				ENABLE_TESTABILITY = YES;
				GCC_C_LANGUAGE_STANDARD = gnu11;
				GCC_DYNAMIC_NO_PIC = NO;
				GCC_NO_COMMON_BLOCKS = YES;
				GCC_OPTIMIZATION_LEVEL = 0;
				GCC_PREPROCESSOR_DEFINITIONS = (
					"DEBUG=1",
					"$(inherited)",
				);
				GCC_WARN_64_TO_32_BIT_CONVERSION = YES;
				GCC_WARN_ABOUT_RETURN_TYPE = YES_ERROR;
				GCC_WARN_UNDECLARED_SELECTOR = YES;
				GCC_WARN_UNINITIALIZED_AUTOS = YES_AGGRESSIVE;
				GCC_WARN_UNUSED_FUNCTION = YES;
				GCC_WARN_UNUSED_VARIABLE = YES;
				IPHONEOS_DEPLOYMENT_TARGET = 11.4;
				MTL_ENABLE_DEBUG_INFO = YES;
				ONLY_ACTIVE_ARCH = YES;
				SDKROOT = iphoneos;
				SWIFT_ACTIVE_COMPILATION_CONDITIONS = DEBUG;
				SWIFT_OPTIMIZATION_LEVEL = "-Onone";
			};
			name = Debug;
		};
		4D47283821914D000018F55E /* Release */ = {
			isa = XCBuildConfiguration;
			buildSettings = {
				ALWAYS_SEARCH_USER_PATHS = NO;
				CLANG_ANALYZER_NONNULL = YES;
				CLANG_ANALYZER_NUMBER_OBJECT_CONVERSION = YES_AGGRESSIVE;
				CLANG_CXX_LANGUAGE_STANDARD = "gnu++14";
				CLANG_CXX_LIBRARY = "libc++";
				CLANG_ENABLE_MODULES = YES;
				CLANG_ENABLE_OBJC_ARC = YES;
				CLANG_ENABLE_OBJC_WEAK = YES;
				CLANG_WARN_BLOCK_CAPTURE_AUTORELEASING = YES;
				CLANG_WARN_BOOL_CONVERSION = YES;
				CLANG_WARN_COMMA = YES;
				CLANG_WARN_CONSTANT_CONVERSION = YES;
				CLANG_WARN_DEPRECATED_OBJC_IMPLEMENTATIONS = YES;
				CLANG_WARN_DIRECT_OBJC_ISA_USAGE = YES_ERROR;
				CLANG_WARN_DOCUMENTATION_COMMENTS = YES;
				CLANG_WARN_EMPTY_BODY = YES;
				CLANG_WARN_ENUM_CONVERSION = YES;
				CLANG_WARN_INFINITE_RECURSION = YES;
				CLANG_WARN_INT_CONVERSION = YES;
				CLANG_WARN_NON_LITERAL_NULL_CONVERSION = YES;
				CLANG_WARN_OBJC_IMPLICIT_RETAIN_SELF = YES;
				CLANG_WARN_OBJC_LITERAL_CONVERSION = YES;
				CLANG_WARN_OBJC_ROOT_CLASS = YES_ERROR;
				CLANG_WARN_RANGE_LOOP_ANALYSIS = YES;
				CLANG_WARN_STRICT_PROTOTYPES = YES;
				CLANG_WARN_SUSPICIOUS_MOVE = YES;
				CLANG_WARN_UNGUARDED_AVAILABILITY = YES_AGGRESSIVE;
				CLANG_WARN_UNREACHABLE_CODE = YES;
				CLANG_WARN__DUPLICATE_METHOD_MATCH = YES;
				CODE_SIGN_IDENTITY = "iPhone Developer";
				COPY_PHASE_STRIP = NO;
				DEBUG_INFORMATION_FORMAT = "dwarf-with-dsym";
				ENABLE_NS_ASSERTIONS = NO;
				ENABLE_STRICT_OBJC_MSGSEND = YES;
				GCC_C_LANGUAGE_STANDARD = gnu11;
				GCC_NO_COMMON_BLOCKS = YES;
				GCC_WARN_64_TO_32_BIT_CONVERSION = YES;
				GCC_WARN_ABOUT_RETURN_TYPE = YES_ERROR;
				GCC_WARN_UNDECLARED_SELECTOR = YES;
				GCC_WARN_UNINITIALIZED_AUTOS = YES_AGGRESSIVE;
				GCC_WARN_UNUSED_FUNCTION = YES;
				GCC_WARN_UNUSED_VARIABLE = YES;
				IPHONEOS_DEPLOYMENT_TARGET = 11.4;
				MTL_ENABLE_DEBUG_INFO = NO;
				SDKROOT = iphoneos;
				SWIFT_COMPILATION_MODE = wholemodule;
				SWIFT_OPTIMIZATION_LEVEL = "-O";
				VALIDATE_PRODUCT = YES;
			};
			name = Release;
		};
		4D47283A21914D000018F55E /* Debug */ = {
			isa = XCBuildConfiguration;
			buildSettings = {
				ASSETCATALOG_COMPILER_APPICON_NAME = AppIcon;
				CODE_SIGN_STYLE = Automatic;
				DEVELOPMENT_TEAM = SS86X76AGT;
				INFOPLIST_FILE = "CSE438-MatthewYang/Info.plist";
				IPHONEOS_DEPLOYMENT_TARGET = 11.4;
				LD_RUNPATH_SEARCH_PATHS = (
					"$(inherited)",
					"@executable_path/Frameworks",
				);
				PRODUCT_BUNDLE_IDENTIFIER = "com.matthewyang.CSE438-MatthewYang";
				PRODUCT_NAME = "$(TARGET_NAME)";
				SWIFT_VERSION = 4.0;
				TARGETED_DEVICE_FAMILY = 1;
			};
			name = Debug;
		};
		4D47283B21914D000018F55E /* Release */ = {
			isa = XCBuildConfiguration;
			buildSettings = {
				ASSETCATALOG_COMPILER_APPICON_NAME = AppIcon;
				CODE_SIGN_STYLE = Automatic;
				DEVELOPMENT_TEAM = SS86X76AGT;
				INFOPLIST_FILE = "CSE438-MatthewYang/Info.plist";
				IPHONEOS_DEPLOYMENT_TARGET = 11.4;
				LD_RUNPATH_SEARCH_PATHS = (
					"$(inherited)",
					"@executable_path/Frameworks",
				);
				PRODUCT_BUNDLE_IDENTIFIER = "com.matthewyang.CSE438-MatthewYang";
				PRODUCT_NAME = "$(TARGET_NAME)";
				SWIFT_VERSION = 4.0;
				TARGETED_DEVICE_FAMILY = 1;
			};
			name = Release;
		};
/* End XCBuildConfiguration section */

/* Begin XCConfigurationList section */
		4D47282221914CFF0018F55E /* Build configuration list for PBXProject "CSE438-MatthewYang" */ = {
			isa = XCConfigurationList;
			buildConfigurations = (
				4D47283721914D000018F55E /* Debug */,
				4D47283821914D000018F55E /* Release */,
			);
			defaultConfigurationIsVisible = 0;
			defaultConfigurationName = Release;
		};
		4D47283921914D000018F55E /* Build configuration list for PBXNativeTarget "CSE438-MatthewYang" */ = {
			isa = XCConfigurationList;
			buildConfigurations = (
				4D47283A21914D000018F55E /* Debug */,
				4D47283B21914D000018F55E /* Release */,
			);
			defaultConfigurationIsVisible = 0;
			defaultConfigurationName = Release;
		};
/* End XCConfigurationList section */
	};
	rootObject = 4D47281F21914CFF0018F55E /* Project object */;
}
